
Microsoft Visual Studio Solution File, Format Version 12.00
# Visual Studio Version 17
VisualStudioVersion = 17.9.34714.143
MinimumVisualStudioVersion = 10.0.40219.1
Project("{FAE04EC0-301F-11D3-BF4B-00C04F79EFBC}") = "GreenRoofApi", "GreenRoofApi\GreenRoofApi.csproj", "{14FEA73B-D5D0-42B1-987E-6717E7E8FDB9}"
EndProject
Global
	GlobalSection(SolutionConfigurationPlatforms) = preSolution
		Debug|Any CPU = Debug|Any CPU
		Release|Any CPU = Release|Any CPU
	EndGlobalSection
	GlobalSection(ProjectConfigurationPlatforms) = postSolution
		{14FEA73B-D5D0-42B1-987E-6717E7E8FDB9}.Debug|Any CPU.ActiveCfg = Debug|Any CPU
		{14FEA73B-D5D0-42B1-987E-6717E7E8FDB9}.Debug|Any CPU.Build.0 = Debug|Any CPU
		{14FEA73B-D5D0-42B1-987E-6717E7E8FDB9}.Release|Any CPU.ActiveCfg = Release|Any CPU
		{14FEA73B-D5D0-42B1-987E-6717E7E8FDB9}.Release|Any CPU.Build.0 = Release|Any CPU
	EndGlobalSection
	GlobalSection(SolutionProperties) = preSolution
		HideSolutionNode = FALSE
	EndGlobalSection
	GlobalSection(ExtensibilityGlobals) = postSolution
		SolutionGuid = {C643E1EC-D21C-4E03-9E84-EE4DFF2759B1}
	EndGlobalSection
EndGlobal
